// !$*UTF8*$!
{
	archiveVersion = 1;
	classes = {
	};
	objectVersion = 50;
	objects = {

/* Begin PBXBuildFile section */
		16097BF525B1950C00BC8830 /* SklearnLogistic.mlmodel in Sources */ = {isa = PBXBuildFile; fileRef = 1655BAD625B18A1300523241 /* SklearnLogistic.mlmodel */; };
		160A513E25B0110B00BA5675 /* LayoutViewController.swift in Sources */ = {isa = PBXBuildFile; fileRef = 160A513D25B0110B00BA5675 /* LayoutViewController.swift */; };
		160A514125B02BCF00BA5675 /* SMSFilter.xcdatamodeld in Sources */ = {isa = PBXBuildFile; fileRef = 160A513F25B02BCF00BA5675 /* SMSFilter.xcdatamodeld */; };
		160A514425B02CA000BA5675 /* CoreDataStorage.swift in Sources */ = {isa = PBXBuildFile; fileRef = 160A514325B02CA000BA5675 /* CoreDataStorage.swift */; };
		160A514725B0350E00BA5675 /* UIExtensions.swift in Sources */ = {isa = PBXBuildFile; fileRef = 160A514625B0350E00BA5675 /* UIExtensions.swift */; };
		160A514F25B0446300BA5675 /* MessageFilterExtension.swift in Sources */ = {isa = PBXBuildFile; fileRef = 160A514E25B0446300BA5675 /* MessageFilterExtension.swift */; };
		160A515325B0446300BA5675 /* MessageFilterExtension.appex in Embed App Extensions */ = {isa = PBXBuildFile; fileRef = 160A514C25B0446300BA5675 /* MessageFilterExtension.appex */; settings = {ATTRIBUTES = (RemoveHeadersOnCopy, ); }; };
		160A515925B044D200BA5675 /* SMSFilter.xcdatamodeld in Sources */ = {isa = PBXBuildFile; fileRef = 160A513F25B02BCF00BA5675 /* SMSFilter.xcdatamodeld */; };
		160A516025B0657F00BA5675 /* FilterMLModelManager.swift in Sources */ = {isa = PBXBuildFile; fileRef = 160A515F25B0657F00BA5675 /* FilterMLModelManager.swift */; };
		160A516125B0657F00BA5675 /* FilterMLModelManager.swift in Sources */ = {isa = PBXBuildFile; fileRef = 160A515F25B0657F00BA5675 /* FilterMLModelManager.swift */; };
		160A516525B07E9700BA5675 /* Filter.mlmodel in Sources */ = {isa = PBXBuildFile; fileRef = 160A516425B07E9700BA5675 /* Filter.mlmodel */; };
		160A516625B07E9700BA5675 /* Filter.mlmodel in Sources */ = {isa = PBXBuildFile; fileRef = 160A516425B07E9700BA5675 /* Filter.mlmodel */; };
		1655BAD725B18A1300523241 /* SklearnLogistic.mlmodel in Sources */ = {isa = PBXBuildFile; fileRef = 1655BAD625B18A1300523241 /* SklearnLogistic.mlmodel */; };
		1655BAD925B18A3800523241 /* feature.txt in Resources */ = {isa = PBXBuildFile; fileRef = 1655BAD825B18A3800523241 /* feature.txt */; };
		1655BADB25B18A4B00523241 /* SMSSpamCollection.txt in Resources */ = {isa = PBXBuildFile; fileRef = 1655BADA25B18A4B00523241 /* SMSSpamCollection.txt */; };
		1686077625AEF660000A5AC7 /* AppDelegate.swift in Sources */ = {isa = PBXBuildFile; fileRef = 1686077525AEF660000A5AC7 /* AppDelegate.swift */; };
		1686077825AEF660000A5AC7 /* SceneDelegate.swift in Sources */ = {isa = PBXBuildFile; fileRef = 1686077725AEF660000A5AC7 /* SceneDelegate.swift */; };
		1686077C25AEF662000A5AC7 /* Assets.xcassets in Resources */ = {isa = PBXBuildFile; fileRef = 1686077B25AEF662000A5AC7 /* Assets.xcassets */; };
		1686077F25AEF662000A5AC7 /* Preview Assets.xcassets in Resources */ = {isa = PBXBuildFile; fileRef = 1686077E25AEF662000A5AC7 /* Preview Assets.xcassets */; };
		1686078225AEF662000A5AC7 /* LaunchScreen.storyboard in Resources */ = {isa = PBXBuildFile; fileRef = 1686078025AEF662000A5AC7 /* LaunchScreen.storyboard */; };
		1686078A25AEFC1F000A5AC7 /* BlockListViewController.swift in Sources */ = {isa = PBXBuildFile; fileRef = 1686078925AEFC1F000A5AC7 /* BlockListViewController.swift */; };
		1686078C25AEFC53000A5AC7 /* SpamViewController.swift in Sources */ = {isa = PBXBuildFile; fileRef = 1686078B25AEFC53000A5AC7 /* SpamViewController.swift */; };
/* End PBXBuildFile section */

/* Begin PBXContainerItemProxy section */
		160A515125B0446300BA5675 /* PBXContainerItemProxy */ = {
			isa = PBXContainerItemProxy;
			containerPortal = 1686076A25AEF660000A5AC7 /* Project object */;
			proxyType = 1;
			remoteGlobalIDString = 160A514B25B0446300BA5675;
			remoteInfo = MessageFilterExtension;
		};
/* End PBXContainerItemProxy section */

/* Begin PBXCopyFilesBuildPhase section */
		160A515725B0446300BA5675 /* Embed App Extensions */ = {
			isa = PBXCopyFilesBuildPhase;
			buildActionMask = 2147483647;
			dstPath = "";
			dstSubfolderSpec = 13;
			files = (
				160A515325B0446300BA5675 /* MessageFilterExtension.appex in Embed App Extensions */,
			);
			name = "Embed App Extensions";
			runOnlyForDeploymentPostprocessing = 0;
		};
/* End PBXCopyFilesBuildPhase section */

/* Begin PBXFileReference section */
		160A513D25B0110B00BA5675 /* LayoutViewController.swift */ = {isa = PBXFileReference; lastKnownFileType = sourcecode.swift; path = LayoutViewController.swift; sourceTree = "<group>"; };
		160A514025B02BCF00BA5675 /* SMSFilter.xcdatamodel */ = {isa = PBXFileReference; lastKnownFileType = wrapper.xcdatamodel; path = SMSFilter.xcdatamodel; sourceTree = "<group>"; };
		160A514325B02CA000BA5675 /* CoreDataStorage.swift */ = {isa = PBXFileReference; lastKnownFileType = sourcecode.swift; path = CoreDataStorage.swift; sourceTree = "<group>"; };
		160A514625B0350E00BA5675 /* UIExtensions.swift */ = {isa = PBXFileReference; lastKnownFileType = sourcecode.swift; path = UIExtensions.swift; sourceTree = "<group>"; };
		160A514C25B0446300BA5675 /* MessageFilterExtension.appex */ = {isa = PBXFileReference; explicitFileType = "wrapper.app-extension"; includeInIndex = 0; path = MessageFilterExtension.appex; sourceTree = BUILT_PRODUCTS_DIR; };
		160A514E25B0446300BA5675 /* MessageFilterExtension.swift */ = {isa = PBXFileReference; lastKnownFileType = sourcecode.swift; path = MessageFilterExtension.swift; sourceTree = "<group>"; };
		160A515025B0446300BA5675 /* Info.plist */ = {isa = PBXFileReference; lastKnownFileType = text.plist.xml; path = Info.plist; sourceTree = "<group>"; };
		160A515F25B0657F00BA5675 /* FilterMLModelManager.swift */ = {isa = PBXFileReference; lastKnownFileType = sourcecode.swift; path = FilterMLModelManager.swift; sourceTree = "<group>"; };
		160A516425B07E9700BA5675 /* Filter.mlmodel */ = {isa = PBXFileReference; lastKnownFileType = file.mlmodel; path = Filter.mlmodel; sourceTree = "<group>"; };
		1655BAD625B18A1300523241 /* SklearnLogistic.mlmodel */ = {isa = PBXFileReference; lastKnownFileType = file.mlmodel; name = SklearnLogistic.mlmodel; path = "../../../sklearn-ML/SklearnLogistic.mlmodel"; sourceTree = "<group>"; };
		1655BAD825B18A3800523241 /* feature.txt */ = {isa = PBXFileReference; fileEncoding = 4; lastKnownFileType = text; name = feature.txt; path = "../../../sklearn-ML/data/feature.txt"; sourceTree = "<group>"; };
		1655BADA25B18A4B00523241 /* SMSSpamCollection.txt */ = {isa = PBXFileReference; fileEncoding = 4; lastKnownFileType = text; name = SMSSpamCollection.txt; path = "../../../sklearn-ML/data/SMSSpamCollection.txt"; sourceTree = "<group>"; };
		1686077225AEF660000A5AC7 /* SpamMsg.app */ = {isa = PBXFileReference; explicitFileType = wrapper.application; includeInIndex = 0; path = SpamMsg.app; sourceTree = BUILT_PRODUCTS_DIR; };
		1686077525AEF660000A5AC7 /* AppDelegate.swift */ = {isa = PBXFileReference; lastKnownFileType = sourcecode.swift; path = AppDelegate.swift; sourceTree = "<group>"; };
		1686077725AEF660000A5AC7 /* SceneDelegate.swift */ = {isa = PBXFileReference; lastKnownFileType = sourcecode.swift; path = SceneDelegate.swift; sourceTree = "<group>"; };
		1686077B25AEF662000A5AC7 /* Assets.xcassets */ = {isa = PBXFileReference; lastKnownFileType = folder.assetcatalog; path = Assets.xcassets; sourceTree = "<group>"; };
		1686077E25AEF662000A5AC7 /* Preview Assets.xcassets */ = {isa = PBXFileReference; lastKnownFileType = folder.assetcatalog; path = "Preview Assets.xcassets"; sourceTree = "<group>"; };
		1686078125AEF662000A5AC7 /* Base */ = {isa = PBXFileReference; lastKnownFileType = file.storyboard; name = Base; path = Base.lproj/LaunchScreen.storyboard; sourceTree = "<group>"; };
		1686078325AEF662000A5AC7 /* Info.plist */ = {isa = PBXFileReference; lastKnownFileType = text.plist.xml; path = Info.plist; sourceTree = "<group>"; };
		1686078925AEFC1F000A5AC7 /* BlockListViewController.swift */ = {isa = PBXFileReference; lastKnownFileType = sourcecode.swift; path = BlockListViewController.swift; sourceTree = "<group>"; };
		1686078B25AEFC53000A5AC7 /* SpamViewController.swift */ = {isa = PBXFileReference; lastKnownFileType = sourcecode.swift; path = SpamViewController.swift; sourceTree = "<group>"; };
/* End PBXFileReference section */

/* Begin PBXFrameworksBuildPhase section */
		160A514925B0446300BA5675 /* Frameworks */ = {
			isa = PBXFrameworksBuildPhase;
			buildActionMask = 2147483647;
			files = (
			);
			runOnlyForDeploymentPostprocessing = 0;
		};
		1686076F25AEF660000A5AC7 /* Frameworks */ = {
			isa = PBXFrameworksBuildPhase;
			buildActionMask = 2147483647;
			files = (
			);
			runOnlyForDeploymentPostprocessing = 0;
		};
/* End PBXFrameworksBuildPhase section */

/* Begin PBXGroup section */
		160A514225B02BEA00BA5675 /* CoreData */ = {
			isa = PBXGroup;
			children = (
				160A513F25B02BCF00BA5675 /* SMSFilter.xcdatamodeld */,
				160A514325B02CA000BA5675 /* CoreDataStorage.swift */,
			);
			path = CoreData;
			sourceTree = "<group>";
		};
		160A514525B034DE00BA5675 /* Utilties */ = {
			isa = PBXGroup;
			children = (
				160A514625B0350E00BA5675 /* UIExtensions.swift */,
			);
			path = Utilties;
			sourceTree = "<group>";
		};
		160A514D25B0446300BA5675 /* MessageFilterExtension */ = {
			isa = PBXGroup;
			children = (
				160A514E25B0446300BA5675 /* MessageFilterExtension.swift */,
				160A515025B0446300BA5675 /* Info.plist */,
			);
			path = MessageFilterExtension;
			sourceTree = "<group>";
		};
		160A515B25B0643100BA5675 /* model */ = {
			isa = PBXGroup;
			children = (
				160A516425B07E9700BA5675 /* Filter.mlmodel */,
				1655BAD625B18A1300523241 /* SklearnLogistic.mlmodel */,
				1655BADA25B18A4B00523241 /* SMSSpamCollection.txt */,
				1655BAD825B18A3800523241 /* feature.txt */,
				160A515F25B0657F00BA5675 /* FilterMLModelManager.swift */,
			);
			path = model;
			sourceTree = "<group>";
		};
		1686076925AEF660000A5AC7 = {
			isa = PBXGroup;
			children = (
				1686077425AEF660000A5AC7 /* SpamMsg */,
				160A514D25B0446300BA5675 /* MessageFilterExtension */,
				1686077325AEF660000A5AC7 /* Products */,
			);
			sourceTree = "<group>";
		};
		1686077325AEF660000A5AC7 /* Products */ = {
			isa = PBXGroup;
			children = (
				1686077225AEF660000A5AC7 /* SpamMsg.app */,
				160A514C25B0446300BA5675 /* MessageFilterExtension.appex */,
			);
			name = Products;
			sourceTree = "<group>";
		};
		1686077425AEF660000A5AC7 /* SpamMsg */ = {
			isa = PBXGroup;
			children = (
				160A515B25B0643100BA5675 /* model */,
				160A514525B034DE00BA5675 /* Utilties */,
				160A514225B02BEA00BA5675 /* CoreData */,
				1686078925AEFC1F000A5AC7 /* BlockListViewController.swift */,
				1686078B25AEFC53000A5AC7 /* SpamViewController.swift */,
				1686077525AEF660000A5AC7 /* AppDelegate.swift */,
				1686077725AEF660000A5AC7 /* SceneDelegate.swift */,
				160A513D25B0110B00BA5675 /* LayoutViewController.swift */,
				1686077B25AEF662000A5AC7 /* Assets.xcassets */,
				1686078025AEF662000A5AC7 /* LaunchScreen.storyboard */,
				1686078325AEF662000A5AC7 /* Info.plist */,
				1686077D25AEF662000A5AC7 /* Preview Content */,
			);
			path = SpamMsg;
			sourceTree = "<group>";
		};
		1686077D25AEF662000A5AC7 /* Preview Content */ = {
			isa = PBXGroup;
			children = (
				1686077E25AEF662000A5AC7 /* Preview Assets.xcassets */,
			);
			path = "Preview Content";
			sourceTree = "<group>";
		};
/* End PBXGroup section */

/* Begin PBXNativeTarget section */
		160A514B25B0446300BA5675 /* MessageFilterExtension */ = {
			isa = PBXNativeTarget;
			buildConfigurationList = 160A515425B0446300BA5675 /* Build configuration list for PBXNativeTarget "MessageFilterExtension" */;
			buildPhases = (
				160A514825B0446300BA5675 /* Sources */,
				160A514925B0446300BA5675 /* Frameworks */,
				160A514A25B0446300BA5675 /* Resources */,
			);
			buildRules = (
			);
			dependencies = (
			);
			name = MessageFilterExtension;
			productName = MessageFilterExtension;
			productReference = 160A514C25B0446300BA5675 /* MessageFilterExtension.appex */;
			productType = "com.apple.product-type.app-extension";
		};
		1686077125AEF660000A5AC7 /* SpamMsg */ = {
			isa = PBXNativeTarget;
			buildConfigurationList = 1686078625AEF662000A5AC7 /* Build configuration list for PBXNativeTarget "SpamMsg" */;
			buildPhases = (
				1686076E25AEF660000A5AC7 /* Sources */,
				1686076F25AEF660000A5AC7 /* Frameworks */,
				1686077025AEF660000A5AC7 /* Resources */,
				160A515725B0446300BA5675 /* Embed App Extensions */,
			);
			buildRules = (
			);
			dependencies = (
				160A515225B0446300BA5675 /* PBXTargetDependency */,
			);
			name = SpamMsg;
			productName = SpamMsg;
			productReference = 1686077225AEF660000A5AC7 /* SpamMsg.app */;
			productType = "com.apple.product-type.application";
		};
/* End PBXNativeTarget section */

/* Begin PBXProject section */
		1686076A25AEF660000A5AC7 /* Project object */ = {
			isa = PBXProject;
			attributes = {
				LastSwiftUpdateCheck = 1170;
				LastUpgradeCheck = 1170;
				ORGANIZATIONNAME = "彭熙";
				TargetAttributes = {
					160A514B25B0446300BA5675 = {
						CreatedOnToolsVersion = 11.7;
					};
					1686077125AEF660000A5AC7 = {
						CreatedOnToolsVersion = 11.7;
					};
				};
			};
			buildConfigurationList = 1686076D25AEF660000A5AC7 /* Build configuration list for PBXProject "SpamMsg" */;
			compatibilityVersion = "Xcode 9.3";
			developmentRegion = en;
			hasScannedForEncodings = 0;
			knownRegions = (
				en,
				Base,
			);
			mainGroup = 1686076925AEF660000A5AC7;
			productRefGroup = 1686077325AEF660000A5AC7 /* Products */;
			projectDirPath = "";
			projectRoot = "";
			targets = (
				1686077125AEF660000A5AC7 /* SpamMsg */,
				160A514B25B0446300BA5675 /* MessageFilterExtension */,
			);
		};
/* End PBXProject section */

/* Begin PBXResourcesBuildPhase section */
		160A514A25B0446300BA5675 /* Resources */ = {
			isa = PBXResourcesBuildPhase;
			buildActionMask = 2147483647;
			files = (
			);
			runOnlyForDeploymentPostprocessing = 0;
		};
		1686077025AEF660000A5AC7 /* Resources */ = {
			isa = PBXResourcesBuildPhase;
			buildActionMask = 2147483647;
			files = (
				1686078225AEF662000A5AC7 /* LaunchScreen.storyboard in Resources */,
				1655BAD925B18A3800523241 /* feature.txt in Resources */,
				1686077F25AEF662000A5AC7 /* Preview Assets.xcassets in Resources */,
				1686077C25AEF662000A5AC7 /* Assets.xcassets in Resources */,
				1655BADB25B18A4B00523241 /* SMSSpamCollection.txt in Resources */,
			);
			runOnlyForDeploymentPostprocessing = 0;
		};
/* End PBXResourcesBuildPhase section */

/* Begin PBXSourcesBuildPhase section */
		160A514825B0446300BA5675 /* Sources */ = {
			isa = PBXSourcesBuildPhase;
			buildActionMask = 2147483647;
			files = (
				160A516625B07E9700BA5675 /* Filter.mlmodel in Sources */,
				16097BF525B1950C00BC8830 /* SklearnLogistic.mlmodel in Sources */,
				160A514F25B0446300BA5675 /* MessageFilterExtension.swift in Sources */,
				160A516125B0657F00BA5675 /* FilterMLModelManager.swift in Sources */,
				160A515925B044D200BA5675 /* SMSFilter.xcdatamodeld in Sources */,
			);
			runOnlyForDeploymentPostprocessing = 0;
		};
		1686076E25AEF660000A5AC7 /* Sources */ = {
			isa = PBXSourcesBuildPhase;
			buildActionMask = 2147483647;
			files = (
				160A516525B07E9700BA5675 /* Filter.mlmodel in Sources */,
				1655BAD725B18A1300523241 /* SklearnLogistic.mlmodel in Sources */,
				160A513E25B0110B00BA5675 /* LayoutViewController.swift in Sources */,
				1686077625AEF660000A5AC7 /* AppDelegate.swift in Sources */,
				1686078A25AEFC1F000A5AC7 /* BlockListViewController.swift in Sources */,
				160A514725B0350E00BA5675 /* UIExtensions.swift in Sources */,
				1686077825AEF660000A5AC7 /* SceneDelegate.swift in Sources */,
				1686078C25AEFC53000A5AC7 /* SpamViewController.swift in Sources */,
				160A514425B02CA000BA5675 /* CoreDataStorage.swift in Sources */,
				160A516025B0657F00BA5675 /* FilterMLModelManager.swift in Sources */,
				160A514125B02BCF00BA5675 /* SMSFilter.xcdatamodeld in Sources */,
			);
			runOnlyForDeploymentPostprocessing = 0;
		};
/* End PBXSourcesBuildPhase section */

/* Begin PBXTargetDependency section */
		160A515225B0446300BA5675 /* PBXTargetDependency */ = {
			isa = PBXTargetDependency;
			target = 160A514B25B0446300BA5675 /* MessageFilterExtension */;
			targetProxy = 160A515125B0446300BA5675 /* PBXContainerItemProxy */;
		};
/* End PBXTargetDependency section */

/* Begin PBXVariantGroup section */
		1686078025AEF662000A5AC7 /* LaunchScreen.storyboard */ = {
			isa = PBXVariantGroup;
			children = (
				1686078125AEF662000A5AC7 /* Base */,
			);
			name = LaunchScreen.storyboard;
			sourceTree = "<group>";
		};
/* End PBXVariantGroup section */

/* Begin XCBuildConfiguration section */
		160A515525B0446300BA5675 /* Debug */ = {
			isa = XCBuildConfiguration;
			buildSettings = {
				CODE_SIGN_STYLE = Automatic;
				INFOPLIST_FILE = MessageFilterExtension/Info.plist;
				LD_RUNPATH_SEARCH_PATHS = (
					"$(inherited)",
					"@executable_path/Frameworks",
					"@executable_path/../../Frameworks",
				);
				PRODUCT_BUNDLE_IDENTIFIER = cn.lirawx.SpamMsg.MessageFilterExtension;
				PRODUCT_NAME = "$(TARGET_NAME)";
				SKIP_INSTALL = YES;
				SWIFT_VERSION = 5.0;
				TARGETED_DEVICE_FAMILY = "1,2";
			};
			name = Debug;
		};
		160A515625B0446300BA5675 /* Release */ = {
			isa = XCBuildConfiguration;
			buildSettings = {
				CODE_SIGN_STYLE = Automatic;
				INFOPLIST_FILE = MessageFilterExtension/Info.plist;
				LD_RUNPATH_SEARCH_PATHS = (
					"$(inherited)",
					"@executable_path/Frameworks",
					"@executable_path/../../Frameworks",
				);
				PRODUCT_BUNDLE_IDENTIFIER = cn.lirawx.SpamMsg.MessageFilterExtension;
				PRODUCT_NAME = "$(TARGET_NAME)";
				SKIP_INSTALL = YES;
				SWIFT_VERSION = 5.0;
				TARGETED_DEVICE_FAMILY = "1,2";
			};
			name = Release;
		};
		1686078425AEF662000A5AC7 /* Debug */ = {
			isa = XCBuildConfiguration;
			buildSettings = {
				ALWAYS_SEARCH_USER_PATHS = NO;
				CLANG_ANALYZER_NONNULL = YES;
				CLANG_ANALYZER_NUMBER_OBJECT_CONVERSION = YES_AGGRESSIVE;
				CLANG_CXX_LANGUAGE_STANDARD = "gnu++14";
				CLANG_CXX_LIBRARY = "libc++";
				CLANG_ENABLE_MODULES = YES;
				CLANG_ENABLE_OBJC_ARC = YES;
				CLANG_ENABLE_OBJC_WEAK = YES;
				CLANG_WARN_BLOCK_CAPTURE_AUTORELEASING = YES;
				CLANG_WARN_BOOL_CONVERSION = YES;
				CLANG_WARN_COMMA = YES;
				CLANG_WARN_CONSTANT_CONVERSION = YES;
				CLANG_WARN_DEPRECATED_OBJC_IMPLEMENTATIONS = YES;
				CLANG_WARN_DIRECT_OBJC_ISA_USAGE = YES_ERROR;
				CLANG_WARN_DOCUMENTATION_COMMENTS = YES;
				CLANG_WARN_EMPTY_BODY = YES;
				CLANG_WARN_ENUM_CONVERSION = YES;
				CLANG_WARN_INFINITE_RECURSION = YES;
				CLANG_WARN_INT_CONVERSION = YES;
				CLANG_WARN_NON_LITERAL_NULL_CONVERSION = YES;
				CLANG_WARN_OBJC_IMPLICIT_RETAIN_SELF = YES;
				CLANG_WARN_OBJC_LITERAL_CONVERSION = YES;
				CLANG_WARN_OBJC_ROOT_CLASS = YES_ERROR;
				CLANG_WARN_RANGE_LOOP_ANALYSIS = YES;
				CLANG_WARN_STRICT_PROTOTYPES = YES;
				CLANG_WARN_SUSPICIOUS_MOVE = YES;
				CLANG_WARN_UNGUARDED_AVAILABILITY = YES_AGGRESSIVE;
				CLANG_WARN_UNREACHABLE_CODE = YES;
				CLANG_WARN__DUPLICATE_METHOD_MATCH = YES;
				COPY_PHASE_STRIP = NO;
				DEBUG_INFORMATION_FORMAT = dwarf;
				ENABLE_STRICT_OBJC_MSGSEND = YES;
				ENABLE_TESTABILITY = YES;
				GCC_C_LANGUAGE_STANDARD = gnu11;
				GCC_DYNAMIC_NO_PIC = NO;
				GCC_NO_COMMON_BLOCKS = YES;
				GCC_OPTIMIZATION_LEVEL = 0;
				GCC_PREPROCESSOR_DEFINITIONS = (
					"DEBUG=1",
					"$(inherited)",
				);
				GCC_WARN_64_TO_32_BIT_CONVERSION = YES;
				GCC_WARN_ABOUT_RETURN_TYPE = YES_ERROR;
				GCC_WARN_UNDECLARED_SELECTOR = YES;
				GCC_WARN_UNINITIALIZED_AUTOS = YES_AGGRESSIVE;
				GCC_WARN_UNUSED_FUNCTION = YES;
				GCC_WARN_UNUSED_VARIABLE = YES;
				IPHONEOS_DEPLOYMENT_TARGET = 13.7;
				MTL_ENABLE_DEBUG_INFO = INCLUDE_SOURCE;
				MTL_FAST_MATH = YES;
				ONLY_ACTIVE_ARCH = YES;
				SDKROOT = iphoneos;
				SWIFT_ACTIVE_COMPILATION_CONDITIONS = DEBUG;
				SWIFT_OPTIMIZATION_LEVEL = "-Onone";
			};
			name = Debug;
		};
		1686078525AEF662000A5AC7 /* Release */ = {
			isa = XCBuildConfiguration;
			buildSettings = {
				ALWAYS_SEARCH_USER_PATHS = NO;
				CLANG_ANALYZER_NONNULL = YES;
				CLANG_ANALYZER_NUMBER_OBJECT_CONVERSION = YES_AGGRESSIVE;
				CLANG_CXX_LANGUAGE_STANDARD = "gnu++14";
				CLANG_CXX_LIBRARY = "libc++";
				CLANG_ENABLE_MODULES = YES;
				CLANG_ENABLE_OBJC_ARC = YES;
				CLANG_ENABLE_OBJC_WEAK = YES;
				CLANG_WARN_BLOCK_CAPTURE_AUTORELEASING = YES;
				CLANG_WARN_BOOL_CONVERSION = YES;
				CLANG_WARN_COMMA = YES;
				CLANG_WARN_CONSTANT_CONVERSION = YES;
				CLANG_WARN_DEPRECATED_OBJC_IMPLEMENTATIONS = YES;
				CLANG_WARN_DIRECT_OBJC_ISA_USAGE = YES_ERROR;
				CLANG_WARN_DOCUMENTATION_COMMENTS = YES;
				CLANG_WARN_EMPTY_BODY = YES;
				CLANG_WARN_ENUM_CONVERSION = YES;
				CLANG_WARN_INFINITE_RECURSION = YES;
				CLANG_WARN_INT_CONVERSION = YES;
				CLANG_WARN_NON_LITERAL_NULL_CONVERSION = YES;
				CLANG_WARN_OBJC_IMPLICIT_RETAIN_SELF = YES;
				CLANG_WARN_OBJC_LITERAL_CONVERSION = YES;
				CLANG_WARN_OBJC_ROOT_CLASS = YES_ERROR;
				CLANG_WARN_RANGE_LOOP_ANALYSIS = YES;
				CLANG_WARN_STRICT_PROTOTYPES = YES;
				CLANG_WARN_SUSPICIOUS_MOVE = YES;
				CLANG_WARN_UNGUARDED_AVAILABILITY = YES_AGGRESSIVE;
				CLANG_WARN_UNREACHABLE_CODE = YES;
				CLANG_WARN__DUPLICATE_METHOD_MATCH = YES;
				COPY_PHASE_STRIP = NO;
				DEBUG_INFORMATION_FORMAT = "dwarf-with-dsym";
				ENABLE_NS_ASSERTIONS = NO;
				ENABLE_STRICT_OBJC_MSGSEND = YES;
				GCC_C_LANGUAGE_STANDARD = gnu11;
				GCC_NO_COMMON_BLOCKS = YES;
				GCC_WARN_64_TO_32_BIT_CONVERSION = YES;
				GCC_WARN_ABOUT_RETURN_TYPE = YES_ERROR;
				GCC_WARN_UNDECLARED_SELECTOR = YES;
				GCC_WARN_UNINITIALIZED_AUTOS = YES_AGGRESSIVE;
				GCC_WARN_UNUSED_FUNCTION = YES;
				GCC_WARN_UNUSED_VARIABLE = YES;
				IPHONEOS_DEPLOYMENT_TARGET = 13.7;
				MTL_ENABLE_DEBUG_INFO = NO;
				MTL_FAST_MATH = YES;
				SDKROOT = iphoneos;
				SWIFT_COMPILATION_MODE = wholemodule;
				SWIFT_OPTIMIZATION_LEVEL = "-O";
				VALIDATE_PRODUCT = YES;
			};
			name = Release;
		};
		1686078725AEF662000A5AC7 /* Debug */ = {
			isa = XCBuildConfiguration;
			buildSettings = {
				ALWAYS_EMBED_SWIFT_STANDARD_LIBRARIES = YES;
				ASSETCATALOG_COMPILER_APPICON_NAME = AppIcon;
				CODE_SIGN_STYLE = Automatic;
				DEVELOPMENT_ASSET_PATHS = "\"SpamMsg/Preview Content\"";
				ENABLE_PREVIEWS = YES;
				INFOPLIST_FILE = SpamMsg/Info.plist;
				LD_RUNPATH_SEARCH_PATHS = (
					"$(inherited)",
					"@executable_path/Frameworks",
				);
				PRODUCT_BUNDLE_IDENTIFIER = cn.lirawx.SpamMsg;
				PRODUCT_NAME = "$(TARGET_NAME)";
				SWIFT_VERSION = 5.0;
				TARGETED_DEVICE_FAMILY = 1;
			};
			name = Debug;
		};
		1686078825AEF662000A5AC7 /* Release */ = {
			isa = XCBuildConfiguration;
			buildSettings = {
				ALWAYS_EMBED_SWIFT_STANDARD_LIBRARIES = YES;
				ASSETCATALOG_COMPILER_APPICON_NAME = AppIcon;
				CODE_SIGN_STYLE = Automatic;
				DEVELOPMENT_ASSET_PATHS = "\"SpamMsg/Preview Content\"";
				ENABLE_PREVIEWS = YES;
				INFOPLIST_FILE = SpamMsg/Info.plist;
				LD_RUNPATH_SEARCH_PATHS = (
					"$(inherited)",
					"@executable_path/Frameworks",
				);
				PRODUCT_BUNDLE_IDENTIFIER = cn.lirawx.SpamMsg;
				PRODUCT_NAME = "$(TARGET_NAME)";
				SWIFT_VERSION = 5.0;
				TARGETED_DEVICE_FAMILY = 1;
			};
			name = Release;
		};
/* End XCBuildConfiguration section */

/* Begin XCConfigurationList section */
		160A515425B0446300BA5675 /* Build configuration list for PBXNativeTarget "MessageFilterExtension" */ = {
			isa = XCConfigurationList;
			buildConfigurations = (
				160A515525B0446300BA5675 /* Debug */,
				160A515625B0446300BA5675 /* Release */,
			);
			defaultConfigurationIsVisible = 0;
			defaultConfigurationName = Release;
		};
		1686076D25AEF660000A5AC7 /* Build configuration list for PBXProject "SpamMsg" */ = {
			isa = XCConfigurationList;
			buildConfigurations = (
				1686078425AEF662000A5AC7 /* Debug */,
				1686078525AEF662000A5AC7 /* Release */,
			);
			defaultConfigurationIsVisible = 0;
			defaultConfigurationName = Release;
		};
		1686078625AEF662000A5AC7 /* Build configuration list for PBXNativeTarget "SpamMsg" */ = {
			isa = XCConfigurationList;
			buildConfigurations = (
				1686078725AEF662000A5AC7 /* Debug */,
				1686078825AEF662000A5AC7 /* Release */,
			);
			defaultConfigurationIsVisible = 0;
			defaultConfigurationName = Release;
		};
/* End XCConfigurationList section */

/* Begin XCVersionGroup section */
		160A513F25B02BCF00BA5675 /* SMSFilter.xcdatamodeld */ = {
			isa = XCVersionGroup;
			children = (
				160A514025B02BCF00BA5675 /* SMSFilter.xcdatamodel */,
			);
			currentVersion = 160A514025B02BCF00BA5675 /* SMSFilter.xcdatamodel */;
			path = SMSFilter.xcdatamodeld;
			sourceTree = "<group>";
			versionGroupType = wrapper.xcdatamodel;
		};
/* End XCVersionGroup section */
	};
	rootObject = 1686076A25AEF660000A5AC7 /* Project object */;
}
