// !$*UTF8*$!
{
	archiveVersion = 1;
	classes = {
	};
	objectVersion = 50;
	objects = {

/* Begin PBXBuildFile section */
		166EA549259AD82800A65D1D /* AppDelegate.m in Sources */ = {isa = PBXBuildFile; fileRef = 166EA548259AD82800A65D1D /* AppDelegate.m */; };
		166EA54C259AD82800A65D1D /* SceneDelegate.m in Sources */ = {isa = PBXBuildFile; fileRef = 166EA54B259AD82800A65D1D /* SceneDelegate.m */; };
		166EA54F259AD82800A65D1D /* ViewController.m in Sources */ = {isa = PBXBuildFile; fileRef = 166EA54E259AD82800A65D1D /* ViewController.m */; };
		166EA554259AD82800A65D1D /* Assets.xcassets in Resources */ = {isa = PBXBuildFile; fileRef = 166EA553259AD82800A65D1D /* Assets.xcassets */; };
		166EA557259AD82800A65D1D /* LaunchScreen.storyboard in Resources */ = {isa = PBXBuildFile; fileRef = 166EA555259AD82800A65D1D /* LaunchScreen.storyboard */; };
		166EA55A259AD82800A65D1D /* main.m in Sources */ = {isa = PBXBuildFile; fileRef = 166EA559259AD82800A65D1D /* main.m */; };
/* End PBXBuildFile section */

/* Begin PBXFileReference section */
		166EA544259AD82800A65D1D /* Objectc-Hello-world-NoStoryBoard.app */ = {isa = PBXFileReference; explicitFileType = wrapper.application; includeInIndex = 0; path = "Objectc-Hello-world-NoStoryBoard.app"; sourceTree = BUILT_PRODUCTS_DIR; };
		166EA547259AD82800A65D1D /* AppDelegate.h */ = {isa = PBXFileReference; lastKnownFileType = sourcecode.c.h; path = AppDelegate.h; sourceTree = "<group>"; };
		166EA548259AD82800A65D1D /* AppDelegate.m */ = {isa = PBXFileReference; lastKnownFileType = sourcecode.c.objc; path = AppDelegate.m; sourceTree = "<group>"; };
		166EA54A259AD82800A65D1D /* SceneDelegate.h */ = {isa = PBXFileReference; lastKnownFileType = sourcecode.c.h; path = SceneDelegate.h; sourceTree = "<group>"; };
		166EA54B259AD82800A65D1D /* SceneDelegate.m */ = {isa = PBXFileReference; lastKnownFileType = sourcecode.c.objc; path = SceneDelegate.m; sourceTree = "<group>"; };
		166EA54D259AD82800A65D1D /* ViewController.h */ = {isa = PBXFileReference; lastKnownFileType = sourcecode.c.h; path = ViewController.h; sourceTree = "<group>"; };
		166EA54E259AD82800A65D1D /* ViewController.m */ = {isa = PBXFileReference; lastKnownFileType = sourcecode.c.objc; path = ViewController.m; sourceTree = "<group>"; };
		166EA553259AD82800A65D1D /* Assets.xcassets */ = {isa = PBXFileReference; lastKnownFileType = folder.assetcatalog; path = Assets.xcassets; sourceTree = "<group>"; };
		166EA556259AD82800A65D1D /* Base */ = {isa = PBXFileReference; lastKnownFileType = file.storyboard; name = Base; path = Base.lproj/LaunchScreen.storyboard; sourceTree = "<group>"; };
		166EA558259AD82800A65D1D /* Info.plist */ = {isa = PBXFileReference; lastKnownFileType = text.plist.xml; path = Info.plist; sourceTree = "<group>"; };
		166EA559259AD82800A65D1D /* main.m */ = {isa = PBXFileReference; lastKnownFileType = sourcecode.c.objc; path = main.m; sourceTree = "<group>"; };
/* End PBXFileReference section */

/* Begin PBXFrameworksBuildPhase section */
		166EA541259AD82800A65D1D /* Frameworks */ = {
			isa = PBXFrameworksBuildPhase;
			buildActionMask = 2147483647;
			files = (
			);
			runOnlyForDeploymentPostprocessing = 0;
		};
/* End PBXFrameworksBuildPhase section */

/* Begin PBXGroup section */
		166EA53B259AD82800A65D1D = {
			isa = PBXGroup;
			children = (
				166EA546259AD82800A65D1D /* Objectc-Hello-world-NoStoryBoard */,
				166EA545259AD82800A65D1D /* Products */,
			);
			sourceTree = "<group>";
		};
		166EA545259AD82800A65D1D /* Products */ = {
			isa = PBXGroup;
			children = (
				166EA544259AD82800A65D1D /* Objectc-Hello-world-NoStoryBoard.app */,
			);
			name = Products;
			sourceTree = "<group>";
		};
		166EA546259AD82800A65D1D /* Objectc-Hello-world-NoStoryBoard */ = {
			isa = PBXGroup;
			children = (
				166EA547259AD82800A65D1D /* AppDelegate.h */,
				166EA548259AD82800A65D1D /* AppDelegate.m */,
				166EA54A259AD82800A65D1D /* SceneDelegate.h */,
				166EA54B259AD82800A65D1D /* SceneDelegate.m */,
				166EA54D259AD82800A65D1D /* ViewController.h */,
				166EA54E259AD82800A65D1D /* ViewController.m */,
				166EA553259AD82800A65D1D /* Assets.xcassets */,
				166EA555259AD82800A65D1D /* LaunchScreen.storyboard */,
				166EA558259AD82800A65D1D /* Info.plist */,
				166EA559259AD82800A65D1D /* main.m */,
			);
			path = "Objectc-Hello-world-NoStoryBoard";
			sourceTree = "<group>";
		};
/* End PBXGroup section */

/* Begin PBXNativeTarget section */
		166EA543259AD82800A65D1D /* Objectc-Hello-world-NoStoryBoard */ = {
			isa = PBXNativeTarget;
			buildConfigurationList = 166EA55D259AD82800A65D1D /* Build configuration list for PBXNativeTarget "Objectc-Hello-world-NoStoryBoard" */;
			buildPhases = (
				166EA540259AD82800A65D1D /* Sources */,
				166EA541259AD82800A65D1D /* Frameworks */,
				166EA542259AD82800A65D1D /* Resources */,
			);
			buildRules = (
			);
			dependencies = (
			);
			name = "Objectc-Hello-world-NoStoryBoard";
			productName = "Objectc-Hello-world-NoStoryBoard";
			productReference = 166EA544259AD82800A65D1D /* Objectc-Hello-world-NoStoryBoard.app */;
			productType = "com.apple.product-type.application";
		};
/* End PBXNativeTarget section */

/* Begin PBXProject section */
		166EA53C259AD82800A65D1D /* Project object */ = {
			isa = PBXProject;
			attributes = {
				LastUpgradeCheck = 1170;
				ORGANIZATIONNAME = "彭熙@lirawx.cn";
				TargetAttributes = {
					166EA543259AD82800A65D1D = {
						CreatedOnToolsVersion = 11.7;
					};
				};
			};
			buildConfigurationList = 166EA53F259AD82800A65D1D /* Build configuration list for PBXProject "Objectc-Hello-world-NoStoryBoard" */;
			compatibilityVersion = "Xcode 9.3";
			developmentRegion = en;
			hasScannedForEncodings = 0;
			knownRegions = (
				en,
				Base,
			);
			mainGroup = 166EA53B259AD82800A65D1D;
			productRefGroup = 166EA545259AD82800A65D1D /* Products */;
			projectDirPath = "";
			projectRoot = "";
			targets = (
				166EA543259AD82800A65D1D /* Objectc-Hello-world-NoStoryBoard */,
			);
		};
/* End PBXProject section */

/* Begin PBXResourcesBuildPhase section */
		166EA542259AD82800A65D1D /* Resources */ = {
			isa = PBXResourcesBuildPhase;
			buildActionMask = 2147483647;
			files = (
				166EA557259AD82800A65D1D /* LaunchScreen.storyboard in Resources */,
				166EA554259AD82800A65D1D /* Assets.xcassets in Resources */,
			);
			runOnlyForDeploymentPostprocessing = 0;
		};
/* End PBXResourcesBuildPhase section */

/* Begin PBXSourcesBuildPhase section */
		166EA540259AD82800A65D1D /* Sources */ = {
			isa = PBXSourcesBuildPhase;
			buildActionMask = 2147483647;
			files = (
				166EA54F259AD82800A65D1D /* ViewController.m in Sources */,
				166EA549259AD82800A65D1D /* AppDelegate.m in Sources */,
				166EA55A259AD82800A65D1D /* main.m in Sources */,
				166EA54C259AD82800A65D1D /* SceneDelegate.m in Sources */,
			);
			runOnlyForDeploymentPostprocessing = 0;
		};
/* End PBXSourcesBuildPhase section */

/* Begin PBXVariantGroup section */
		166EA555259AD82800A65D1D /* LaunchScreen.storyboard */ = {
			isa = PBXVariantGroup;
			children = (
				166EA556259AD82800A65D1D /* Base */,
			);
			name = LaunchScreen.storyboard;
			sourceTree = "<group>";
		};
/* End PBXVariantGroup section */

/* Begin XCBuildConfiguration section */
		166EA55B259AD82800A65D1D /* Debug */ = {
			isa = XCBuildConfiguration;
			buildSettings = {
				ALWAYS_SEARCH_USER_PATHS = NO;
				CLANG_ANALYZER_NONNULL = YES;
				CLANG_ANALYZER_NUMBER_OBJECT_CONVERSION = YES_AGGRESSIVE;
				CLANG_CXX_LANGUAGE_STANDARD = "gnu++14";
				CLANG_CXX_LIBRARY = "libc++";
				CLANG_ENABLE_MODULES = YES;
				CLANG_ENABLE_OBJC_ARC = YES;
				CLANG_ENABLE_OBJC_WEAK = YES;
				CLANG_WARN_BLOCK_CAPTURE_AUTORELEASING = YES;
				CLANG_WARN_BOOL_CONVERSION = YES;
				CLANG_WARN_COMMA = YES;
				CLANG_WARN_CONSTANT_CONVERSION = YES;
				CLANG_WARN_DEPRECATED_OBJC_IMPLEMENTATIONS = YES;
				CLANG_WARN_DIRECT_OBJC_ISA_USAGE = YES_ERROR;
				CLANG_WARN_DOCUMENTATION_COMMENTS = YES;
				CLANG_WARN_EMPTY_BODY = YES;
				CLANG_WARN_ENUM_CONVERSION = YES;
				CLANG_WARN_INFINITE_RECURSION = YES;
				CLANG_WARN_INT_CONVERSION = YES;
				CLANG_WARN_NON_LITERAL_NULL_CONVERSION = YES;
				CLANG_WARN_OBJC_IMPLICIT_RETAIN_SELF = YES;
				CLANG_WARN_OBJC_LITERAL_CONVERSION = YES;
				CLANG_WARN_OBJC_ROOT_CLASS = YES_ERROR;
				CLANG_WARN_RANGE_LOOP_ANALYSIS = YES;
				CLANG_WARN_STRICT_PROTOTYPES = YES;
				CLANG_WARN_SUSPICIOUS_MOVE = YES;
				CLANG_WARN_UNGUARDED_AVAILABILITY = YES_AGGRESSIVE;
				CLANG_WARN_UNREACHABLE_CODE = YES;
				CLANG_WARN__DUPLICATE_METHOD_MATCH = YES;
				COPY_PHASE_STRIP = NO;
				DEBUG_INFORMATION_FORMAT = dwarf;
				ENABLE_STRICT_OBJC_MSGSEND = YES;
				ENABLE_TESTABILITY = YES;
				GCC_C_LANGUAGE_STANDARD = gnu11;
				GCC_DYNAMIC_NO_PIC = NO;
				GCC_NO_COMMON_BLOCKS = YES;
				GCC_OPTIMIZATION_LEVEL = 0;
				GCC_PREPROCESSOR_DEFINITIONS = (
					"DEBUG=1",
					"$(inherited)",
				);
				GCC_WARN_64_TO_32_BIT_CONVERSION = YES;
				GCC_WARN_ABOUT_RETURN_TYPE = YES_ERROR;
				GCC_WARN_UNDECLARED_SELECTOR = YES;
				GCC_WARN_UNINITIALIZED_AUTOS = YES_AGGRESSIVE;
				GCC_WARN_UNUSED_FUNCTION = YES;
				GCC_WARN_UNUSED_VARIABLE = YES;
				IPHONEOS_DEPLOYMENT_TARGET = 13.7;
				MTL_ENABLE_DEBUG_INFO = INCLUDE_SOURCE;
				MTL_FAST_MATH = YES;
				ONLY_ACTIVE_ARCH = YES;
				SDKROOT = iphoneos;
			};
			name = Debug;
		};
		166EA55C259AD82800A65D1D /* Release */ = {
			isa = XCBuildConfiguration;
			buildSettings = {
				ALWAYS_SEARCH_USER_PATHS = NO;
				CLANG_ANALYZER_NONNULL = YES;
				CLANG_ANALYZER_NUMBER_OBJECT_CONVERSION = YES_AGGRESSIVE;
				CLANG_CXX_LANGUAGE_STANDARD = "gnu++14";
				CLANG_CXX_LIBRARY = "libc++";
				CLANG_ENABLE_MODULES = YES;
				CLANG_ENABLE_OBJC_ARC = YES;
				CLANG_ENABLE_OBJC_WEAK = YES;
				CLANG_WARN_BLOCK_CAPTURE_AUTORELEASING = YES;
				CLANG_WARN_BOOL_CONVERSION = YES;
				CLANG_WARN_COMMA = YES;
				CLANG_WARN_CONSTANT_CONVERSION = YES;
				CLANG_WARN_DEPRECATED_OBJC_IMPLEMENTATIONS = YES;
				CLANG_WARN_DIRECT_OBJC_ISA_USAGE = YES_ERROR;
				CLANG_WARN_DOCUMENTATION_COMMENTS = YES;
				CLANG_WARN_EMPTY_BODY = YES;
				CLANG_WARN_ENUM_CONVERSION = YES;
				CLANG_WARN_INFINITE_RECURSION = YES;
				CLANG_WARN_INT_CONVERSION = YES;
				CLANG_WARN_NON_LITERAL_NULL_CONVERSION = YES;
				CLANG_WARN_OBJC_IMPLICIT_RETAIN_SELF = YES;
				CLANG_WARN_OBJC_LITERAL_CONVERSION = YES;
				CLANG_WARN_OBJC_ROOT_CLASS = YES_ERROR;
				CLANG_WARN_RANGE_LOOP_ANALYSIS = YES;
				CLANG_WARN_STRICT_PROTOTYPES = YES;
				CLANG_WARN_SUSPICIOUS_MOVE = YES;
				CLANG_WARN_UNGUARDED_AVAILABILITY = YES_AGGRESSIVE;
				CLANG_WARN_UNREACHABLE_CODE = YES;
				CLANG_WARN__DUPLICATE_METHOD_MATCH = YES;
				COPY_PHASE_STRIP = NO;
				DEBUG_INFORMATION_FORMAT = "dwarf-with-dsym";
				ENABLE_NS_ASSERTIONS = NO;
				ENABLE_STRICT_OBJC_MSGSEND = YES;
				GCC_C_LANGUAGE_STANDARD = gnu11;
				GCC_NO_COMMON_BLOCKS = YES;
				GCC_WARN_64_TO_32_BIT_CONVERSION = YES;
				GCC_WARN_ABOUT_RETURN_TYPE = YES_ERROR;
				GCC_WARN_UNDECLARED_SELECTOR = YES;
				GCC_WARN_UNINITIALIZED_AUTOS = YES_AGGRESSIVE;
				GCC_WARN_UNUSED_FUNCTION = YES;
				GCC_WARN_UNUSED_VARIABLE = YES;
				IPHONEOS_DEPLOYMENT_TARGET = 13.7;
				MTL_ENABLE_DEBUG_INFO = NO;
				MTL_FAST_MATH = YES;
				SDKROOT = iphoneos;
				VALIDATE_PRODUCT = YES;
			};
			name = Release;
		};
		166EA55E259AD82800A65D1D /* Debug */ = {
			isa = XCBuildConfiguration;
			buildSettings = {
				ASSETCATALOG_COMPILER_APPICON_NAME = AppIcon;
				CODE_SIGN_STYLE = Automatic;
				INFOPLIST_FILE = "Objectc-Hello-world-NoStoryBoard/Info.plist";
				LD_RUNPATH_SEARCH_PATHS = (
					"$(inherited)",
					"@executable_path/Frameworks",
				);
				PRODUCT_BUNDLE_IDENTIFIER = "cn.lirawx.Objectc-Hello-world-NoStoryBoard";
				PRODUCT_NAME = "$(TARGET_NAME)";
				TARGETED_DEVICE_FAMILY = "1,2";
			};
			name = Debug;
		};
		166EA55F259AD82800A65D1D /* Release */ = {
			isa = XCBuildConfiguration;
			buildSettings = {
				ASSETCATALOG_COMPILER_APPICON_NAME = AppIcon;
				CODE_SIGN_STYLE = Automatic;
				INFOPLIST_FILE = "Objectc-Hello-world-NoStoryBoard/Info.plist";
				LD_RUNPATH_SEARCH_PATHS = (
					"$(inherited)",
					"@executable_path/Frameworks",
				);
				PRODUCT_BUNDLE_IDENTIFIER = "cn.lirawx.Objectc-Hello-world-NoStoryBoard";
				PRODUCT_NAME = "$(TARGET_NAME)";
				TARGETED_DEVICE_FAMILY = "1,2";
			};
			name = Release;
		};
/* End XCBuildConfiguration section */

/* Begin XCConfigurationList section */
		166EA53F259AD82800A65D1D /* Build configuration list for PBXProject "Objectc-Hello-world-NoStoryBoard" */ = {
			isa = XCConfigurationList;
			buildConfigurations = (
				166EA55B259AD82800A65D1D /* Debug */,
				166EA55C259AD82800A65D1D /* Release */,
			);
			defaultConfigurationIsVisible = 0;
			defaultConfigurationName = Release;
		};
		166EA55D259AD82800A65D1D /* Build configuration list for PBXNativeTarget "Objectc-Hello-world-NoStoryBoard" */ = {
			isa = XCConfigurationList;
			buildConfigurations = (
				166EA55E259AD82800A65D1D /* Debug */,
				166EA55F259AD82800A65D1D /* Release */,
			);
			defaultConfigurationIsVisible = 0;
			defaultConfigurationName = Release;
		};
/* End XCConfigurationList section */
	};
	rootObject = 166EA53C259AD82800A65D1D /* Project object */;
}
