// !$*UTF8*$!
{
	archiveVersion = 1;
	classes = {
	};
	objectVersion = 50;
	objects = {

/* Begin PBXBuildFile section */
		166EA528259AD79E00A65D1D /* AppDelegate.swift in Sources */ = {isa = PBXBuildFile; fileRef = 166EA527259AD79E00A65D1D /* AppDelegate.swift */; };
		166EA52A259AD79E00A65D1D /* SceneDelegate.swift in Sources */ = {isa = PBXBuildFile; fileRef = 166EA529259AD79E00A65D1D /* SceneDelegate.swift */; };
		166EA52C259AD79E00A65D1D /* ContentView.swift in Sources */ = {isa = PBXBuildFile; fileRef = 166EA52B259AD79E00A65D1D /* ContentView.swift */; };
		166EA52E259AD7A000A65D1D /* Assets.xcassets in Resources */ = {isa = PBXBuildFile; fileRef = 166EA52D259AD7A000A65D1D /* Assets.xcassets */; };
		166EA531259AD7A000A65D1D /* Preview Assets.xcassets in Resources */ = {isa = PBXBuildFile; fileRef = 166EA530259AD7A000A65D1D /* Preview Assets.xcassets */; };
		166EA534259AD7A000A65D1D /* LaunchScreen.storyboard in Resources */ = {isa = PBXBuildFile; fileRef = 166EA532259AD7A000A65D1D /* LaunchScreen.storyboard */; };
/* End PBXBuildFile section */

/* Begin PBXFileReference section */
		166EA524259AD79E00A65D1D /* Swift-Hello-World.app */ = {isa = PBXFileReference; explicitFileType = wrapper.application; includeInIndex = 0; path = "Swift-Hello-World.app"; sourceTree = BUILT_PRODUCTS_DIR; };
		166EA527259AD79E00A65D1D /* AppDelegate.swift */ = {isa = PBXFileReference; lastKnownFileType = sourcecode.swift; path = AppDelegate.swift; sourceTree = "<group>"; };
		166EA529259AD79E00A65D1D /* SceneDelegate.swift */ = {isa = PBXFileReference; lastKnownFileType = sourcecode.swift; path = SceneDelegate.swift; sourceTree = "<group>"; };
		166EA52B259AD79E00A65D1D /* ContentView.swift */ = {isa = PBXFileReference; lastKnownFileType = sourcecode.swift; path = ContentView.swift; sourceTree = "<group>"; };
		166EA52D259AD7A000A65D1D /* Assets.xcassets */ = {isa = PBXFileReference; lastKnownFileType = folder.assetcatalog; path = Assets.xcassets; sourceTree = "<group>"; };
		166EA530259AD7A000A65D1D /* Preview Assets.xcassets */ = {isa = PBXFileReference; lastKnownFileType = folder.assetcatalog; path = "Preview Assets.xcassets"; sourceTree = "<group>"; };
		166EA533259AD7A000A65D1D /* Base */ = {isa = PBXFileReference; lastKnownFileType = file.storyboard; name = Base; path = Base.lproj/LaunchScreen.storyboard; sourceTree = "<group>"; };
		166EA535259AD7A000A65D1D /* Info.plist */ = {isa = PBXFileReference; lastKnownFileType = text.plist.xml; path = Info.plist; sourceTree = "<group>"; };
/* End PBXFileReference section */

/* Begin PBXFrameworksBuildPhase section */
		166EA521259AD79E00A65D1D /* Frameworks */ = {
			isa = PBXFrameworksBuildPhase;
			buildActionMask = 2147483647;
			files = (
			);
			runOnlyForDeploymentPostprocessing = 0;
		};
/* End PBXFrameworksBuildPhase section */

/* Begin PBXGroup section */
		166EA51B259AD79E00A65D1D = {
			isa = PBXGroup;
			children = (
				166EA526259AD79E00A65D1D /* Swift-Hello-World */,
				166EA525259AD79E00A65D1D /* Products */,
			);
			sourceTree = "<group>";
		};
		166EA525259AD79E00A65D1D /* Products */ = {
			isa = PBXGroup;
			children = (
				166EA524259AD79E00A65D1D /* Swift-Hello-World.app */,
			);
			name = Products;
			sourceTree = "<group>";
		};
		166EA526259AD79E00A65D1D /* Swift-Hello-World */ = {
			isa = PBXGroup;
			children = (
				166EA527259AD79E00A65D1D /* AppDelegate.swift */,
				166EA529259AD79E00A65D1D /* SceneDelegate.swift */,
				166EA52B259AD79E00A65D1D /* ContentView.swift */,
				166EA52D259AD7A000A65D1D /* Assets.xcassets */,
				166EA532259AD7A000A65D1D /* LaunchScreen.storyboard */,
				166EA535259AD7A000A65D1D /* Info.plist */,
				166EA52F259AD7A000A65D1D /* Preview Content */,
			);
			path = "Swift-Hello-World";
			sourceTree = "<group>";
		};
		166EA52F259AD7A000A65D1D /* Preview Content */ = {
			isa = PBXGroup;
			children = (
				166EA530259AD7A000A65D1D /* Preview Assets.xcassets */,
			);
			path = "Preview Content";
			sourceTree = "<group>";
		};
/* End PBXGroup section */

/* Begin PBXNativeTarget section */
		166EA523259AD79E00A65D1D /* Swift-Hello-World */ = {
			isa = PBXNativeTarget;
			buildConfigurationList = 166EA538259AD7A000A65D1D /* Build configuration list for PBXNativeTarget "Swift-Hello-World" */;
			buildPhases = (
				166EA520259AD79E00A65D1D /* Sources */,
				166EA521259AD79E00A65D1D /* Frameworks */,
				166EA522259AD79E00A65D1D /* Resources */,
			);
			buildRules = (
			);
			dependencies = (
			);
			name = "Swift-Hello-World";
			productName = "Swift-Hello-World";
			productReference = 166EA524259AD79E00A65D1D /* Swift-Hello-World.app */;
			productType = "com.apple.product-type.application";
		};
/* End PBXNativeTarget section */

/* Begin PBXProject section */
		166EA51C259AD79E00A65D1D /* Project object */ = {
			isa = PBXProject;
			attributes = {
				LastSwiftUpdateCheck = 1170;
				LastUpgradeCheck = 1170;
				ORGANIZATIONNAME = "彭熙@lirawx.cn";
				TargetAttributes = {
					166EA523259AD79E00A65D1D = {
						CreatedOnToolsVersion = 11.7;
					};
				};
			};
			buildConfigurationList = 166EA51F259AD79E00A65D1D /* Build configuration list for PBXProject "Swift-Hello-World" */;
			compatibilityVersion = "Xcode 9.3";
			developmentRegion = en;
			hasScannedForEncodings = 0;
			knownRegions = (
				en,
				Base,
			);
			mainGroup = 166EA51B259AD79E00A65D1D;
			productRefGroup = 166EA525259AD79E00A65D1D /* Products */;
			projectDirPath = "";
			projectRoot = "";
			targets = (
				166EA523259AD79E00A65D1D /* Swift-Hello-World */,
			);
		};
/* End PBXProject section */

/* Begin PBXResourcesBuildPhase section */
		166EA522259AD79E00A65D1D /* Resources */ = {
			isa = PBXResourcesBuildPhase;
			buildActionMask = 2147483647;
			files = (
				166EA534259AD7A000A65D1D /* LaunchScreen.storyboard in Resources */,
				166EA531259AD7A000A65D1D /* Preview Assets.xcassets in Resources */,
				166EA52E259AD7A000A65D1D /* Assets.xcassets in Resources */,
			);
			runOnlyForDeploymentPostprocessing = 0;
		};
/* End PBXResourcesBuildPhase section */

/* Begin PBXSourcesBuildPhase section */
		166EA520259AD79E00A65D1D /* Sources */ = {
			isa = PBXSourcesBuildPhase;
			buildActionMask = 2147483647;
			files = (
				166EA528259AD79E00A65D1D /* AppDelegate.swift in Sources */,
				166EA52A259AD79E00A65D1D /* SceneDelegate.swift in Sources */,
				166EA52C259AD79E00A65D1D /* ContentView.swift in Sources */,
			);
			runOnlyForDeploymentPostprocessing = 0;
		};
/* End PBXSourcesBuildPhase section */

/* Begin PBXVariantGroup section */
		166EA532259AD7A000A65D1D /* LaunchScreen.storyboard */ = {
			isa = PBXVariantGroup;
			children = (
				166EA533259AD7A000A65D1D /* Base */,
			);
			name = LaunchScreen.storyboard;
			sourceTree = "<group>";
		};
/* End PBXVariantGroup section */

/* Begin XCBuildConfiguration section */
		166EA536259AD7A000A65D1D /* Debug */ = {
			isa = XCBuildConfiguration;
			buildSettings = {
				ALWAYS_SEARCH_USER_PATHS = NO;
				CLANG_ANALYZER_NONNULL = YES;
				CLANG_ANALYZER_NUMBER_OBJECT_CONVERSION = YES_AGGRESSIVE;
				CLANG_CXX_LANGUAGE_STANDARD = "gnu++14";
				CLANG_CXX_LIBRARY = "libc++";
				CLANG_ENABLE_MODULES = YES;
				CLANG_ENABLE_OBJC_ARC = YES;
				CLANG_ENABLE_OBJC_WEAK = YES;
				CLANG_WARN_BLOCK_CAPTURE_AUTORELEASING = YES;
				CLANG_WARN_BOOL_CONVERSION = YES;
				CLANG_WARN_COMMA = YES;
				CLANG_WARN_CONSTANT_CONVERSION = YES;
				CLANG_WARN_DEPRECATED_OBJC_IMPLEMENTATIONS = YES;
				CLANG_WARN_DIRECT_OBJC_ISA_USAGE = YES_ERROR;
				CLANG_WARN_DOCUMENTATION_COMMENTS = YES;
				CLANG_WARN_EMPTY_BODY = YES;
				CLANG_WARN_ENUM_CONVERSION = YES;
				CLANG_WARN_INFINITE_RECURSION = YES;
				CLANG_WARN_INT_CONVERSION = YES;
				CLANG_WARN_NON_LITERAL_NULL_CONVERSION = YES;
				CLANG_WARN_OBJC_IMPLICIT_RETAIN_SELF = YES;
				CLANG_WARN_OBJC_LITERAL_CONVERSION = YES;
				CLANG_WARN_OBJC_ROOT_CLASS = YES_ERROR;
				CLANG_WARN_RANGE_LOOP_ANALYSIS = YES;
				CLANG_WARN_STRICT_PROTOTYPES = YES;
				CLANG_WARN_SUSPICIOUS_MOVE = YES;
				CLANG_WARN_UNGUARDED_AVAILABILITY = YES_AGGRESSIVE;
				CLANG_WARN_UNREACHABLE_CODE = YES;
				CLANG_WARN__DUPLICATE_METHOD_MATCH = YES;
				COPY_PHASE_STRIP = NO;
				DEBUG_INFORMATION_FORMAT = dwarf;
				ENABLE_STRICT_OBJC_MSGSEND = YES;
				ENABLE_TESTABILITY = YES;
				GCC_C_LANGUAGE_STANDARD = gnu11;
				GCC_DYNAMIC_NO_PIC = NO;
				GCC_NO_COMMON_BLOCKS = YES;
				GCC_OPTIMIZATION_LEVEL = 0;
				GCC_PREPROCESSOR_DEFINITIONS = (
					"DEBUG=1",
					"$(inherited)",
				);
				GCC_WARN_64_TO_32_BIT_CONVERSION = YES;
				GCC_WARN_ABOUT_RETURN_TYPE = YES_ERROR;
				GCC_WARN_UNDECLARED_SELECTOR = YES;
				GCC_WARN_UNINITIALIZED_AUTOS = YES_AGGRESSIVE;
				GCC_WARN_UNUSED_FUNCTION = YES;
				GCC_WARN_UNUSED_VARIABLE = YES;
				IPHONEOS_DEPLOYMENT_TARGET = 13.7;
				MTL_ENABLE_DEBUG_INFO = INCLUDE_SOURCE;
				MTL_FAST_MATH = YES;
				ONLY_ACTIVE_ARCH = YES;
				SDKROOT = iphoneos;
				SWIFT_ACTIVE_COMPILATION_CONDITIONS = DEBUG;
				SWIFT_OPTIMIZATION_LEVEL = "-Onone";
			};
			name = Debug;
		};
		166EA537259AD7A000A65D1D /* Release */ = {
			isa = XCBuildConfiguration;
			buildSettings = {
				ALWAYS_SEARCH_USER_PATHS = NO;
				CLANG_ANALYZER_NONNULL = YES;
				CLANG_ANALYZER_NUMBER_OBJECT_CONVERSION = YES_AGGRESSIVE;
				CLANG_CXX_LANGUAGE_STANDARD = "gnu++14";
				CLANG_CXX_LIBRARY = "libc++";
				CLANG_ENABLE_MODULES = YES;
				CLANG_ENABLE_OBJC_ARC = YES;
				CLANG_ENABLE_OBJC_WEAK = YES;
				CLANG_WARN_BLOCK_CAPTURE_AUTORELEASING = YES;
				CLANG_WARN_BOOL_CONVERSION = YES;
				CLANG_WARN_COMMA = YES;
				CLANG_WARN_CONSTANT_CONVERSION = YES;
				CLANG_WARN_DEPRECATED_OBJC_IMPLEMENTATIONS = YES;
				CLANG_WARN_DIRECT_OBJC_ISA_USAGE = YES_ERROR;
				CLANG_WARN_DOCUMENTATION_COMMENTS = YES;
				CLANG_WARN_EMPTY_BODY = YES;
				CLANG_WARN_ENUM_CONVERSION = YES;
				CLANG_WARN_INFINITE_RECURSION = YES;
				CLANG_WARN_INT_CONVERSION = YES;
				CLANG_WARN_NON_LITERAL_NULL_CONVERSION = YES;
				CLANG_WARN_OBJC_IMPLICIT_RETAIN_SELF = YES;
				CLANG_WARN_OBJC_LITERAL_CONVERSION = YES;
				CLANG_WARN_OBJC_ROOT_CLASS = YES_ERROR;
				CLANG_WARN_RANGE_LOOP_ANALYSIS = YES;
				CLANG_WARN_STRICT_PROTOTYPES = YES;
				CLANG_WARN_SUSPICIOUS_MOVE = YES;
				CLANG_WARN_UNGUARDED_AVAILABILITY = YES_AGGRESSIVE;
				CLANG_WARN_UNREACHABLE_CODE = YES;
				CLANG_WARN__DUPLICATE_METHOD_MATCH = YES;
				COPY_PHASE_STRIP = NO;
				DEBUG_INFORMATION_FORMAT = "dwarf-with-dsym";
				ENABLE_NS_ASSERTIONS = NO;
				ENABLE_STRICT_OBJC_MSGSEND = YES;
				GCC_C_LANGUAGE_STANDARD = gnu11;
				GCC_NO_COMMON_BLOCKS = YES;
				GCC_WARN_64_TO_32_BIT_CONVERSION = YES;
				GCC_WARN_ABOUT_RETURN_TYPE = YES_ERROR;
				GCC_WARN_UNDECLARED_SELECTOR = YES;
				GCC_WARN_UNINITIALIZED_AUTOS = YES_AGGRESSIVE;
				GCC_WARN_UNUSED_FUNCTION = YES;
				GCC_WARN_UNUSED_VARIABLE = YES;
				IPHONEOS_DEPLOYMENT_TARGET = 13.7;
				MTL_ENABLE_DEBUG_INFO = NO;
				MTL_FAST_MATH = YES;
				SDKROOT = iphoneos;
				SWIFT_COMPILATION_MODE = wholemodule;
				SWIFT_OPTIMIZATION_LEVEL = "-O";
				VALIDATE_PRODUCT = YES;
			};
			name = Release;
		};
		166EA539259AD7A000A65D1D /* Debug */ = {
			isa = XCBuildConfiguration;
			buildSettings = {
				ASSETCATALOG_COMPILER_APPICON_NAME = AppIcon;
				CODE_SIGN_STYLE = Automatic;
				DEVELOPMENT_ASSET_PATHS = "\"Swift-Hello-World/Preview Content\"";
				ENABLE_PREVIEWS = YES;
				INFOPLIST_FILE = "Swift-Hello-World/Info.plist";
				LD_RUNPATH_SEARCH_PATHS = (
					"$(inherited)",
					"@executable_path/Frameworks",
				);
				PRODUCT_BUNDLE_IDENTIFIER = "cn.lirawx.Swift-Hello-World";
				PRODUCT_NAME = "$(TARGET_NAME)";
				SWIFT_VERSION = 5.0;
				TARGETED_DEVICE_FAMILY = "1,2";
			};
			name = Debug;
		};
		166EA53A259AD7A000A65D1D /* Release */ = {
			isa = XCBuildConfiguration;
			buildSettings = {
				ASSETCATALOG_COMPILER_APPICON_NAME = AppIcon;
				CODE_SIGN_STYLE = Automatic;
				DEVELOPMENT_ASSET_PATHS = "\"Swift-Hello-World/Preview Content\"";
				ENABLE_PREVIEWS = YES;
				INFOPLIST_FILE = "Swift-Hello-World/Info.plist";
				LD_RUNPATH_SEARCH_PATHS = (
					"$(inherited)",
					"@executable_path/Frameworks",
				);
				PRODUCT_BUNDLE_IDENTIFIER = "cn.lirawx.Swift-Hello-World";
				PRODUCT_NAME = "$(TARGET_NAME)";
				SWIFT_VERSION = 5.0;
				TARGETED_DEVICE_FAMILY = "1,2";
			};
			name = Release;
		};
/* End XCBuildConfiguration section */

/* Begin XCConfigurationList section */
		166EA51F259AD79E00A65D1D /* Build configuration list for PBXProject "Swift-Hello-World" */ = {
			isa = XCConfigurationList;
			buildConfigurations = (
				166EA536259AD7A000A65D1D /* Debug */,
				166EA537259AD7A000A65D1D /* Release */,
			);
			defaultConfigurationIsVisible = 0;
			defaultConfigurationName = Release;
		};
		166EA538259AD7A000A65D1D /* Build configuration list for PBXNativeTarget "Swift-Hello-World" */ = {
			isa = XCConfigurationList;
			buildConfigurations = (
				166EA539259AD7A000A65D1D /* Debug */,
				166EA53A259AD7A000A65D1D /* Release */,
			);
			defaultConfigurationIsVisible = 0;
			defaultConfigurationName = Release;
		};
/* End XCConfigurationList section */
	};
	rootObject = 166EA51C259AD79E00A65D1D /* Project object */;
}
